// !$*UTF8*$!
{
	archiveVersion = 1;
	classes = {
	};
	objectVersion = 48;
	objects = {

/* Begin PBXBuildFile section */
		2E2CA5F01FA14AD000586272 /* AppDelegate.swift in Sources */ = {isa = PBXBuildFile; fileRef = 2E2CA5EF1FA14AD000586272 /* AppDelegate.swift */; };
		2E2CA5F21FA14AD000586272 /* ViewController.swift in Sources */ = {isa = PBXBuildFile; fileRef = 2E2CA5F11FA14AD000586272 /* ViewController.swift */; };
		2E2CA5F51FA14AD000586272 /* Main.storyboard in Resources */ = {isa = PBXBuildFile; fileRef = 2E2CA5F31FA14AD000586272 /* Main.storyboard */; };
		2E2CA5F71FA14AD000586272 /* Assets.xcassets in Resources */ = {isa = PBXBuildFile; fileRef = 2E2CA5F61FA14AD000586272 /* Assets.xcassets */; };
		2E2CA5FA1FA14AD000586272 /* LaunchScreen.storyboard in Resources */ = {isa = PBXBuildFile; fileRef = 2E2CA5F81FA14AD000586272 /* LaunchScreen.storyboard */; };
		2E2CA6051FA14AD000586272 /* MIMTests.swift in Sources */ = {isa = PBXBuildFile; fileRef = 2E2CA6041FA14AD000586272 /* MIMTests.swift */; };
		2E2CA6101FA14AD100586272 /* MIMUITests.swift in Sources */ = {isa = PBXBuildFile; fileRef = 2E2CA60F1FA14AD100586272 /* MIMUITests.swift */; };
/* End PBXBuildFile section */

/* Begin PBXContainerItemProxy section */
		2E2CA6011FA14AD000586272 /* PBXContainerItemProxy */ = {
			isa = PBXContainerItemProxy;
			containerPortal = 2E2CA5E41FA14AD000586272 /* Project object */;
			proxyType = 1;
			remoteGlobalIDString = 2E2CA5EB1FA14AD000586272;
			remoteInfo = MIM;
		};
		2E2CA60C1FA14AD100586272 /* PBXContainerItemProxy */ = {
			isa = PBXContainerItemProxy;
			containerPortal = 2E2CA5E41FA14AD000586272 /* Project object */;
			proxyType = 1;
			remoteGlobalIDString = 2E2CA5EB1FA14AD000586272;
			remoteInfo = MIM;
		};
/* End PBXContainerItemProxy section */

/* Begin PBXFileReference section */
		2E2CA5EC1FA14AD000586272 /* MIM.app */ = {isa = PBXFileReference; explicitFileType = wrapper.application; includeInIndex = 0; path = MIM.app; sourceTree = BUILT_PRODUCTS_DIR; };
		2E2CA5EF1FA14AD000586272 /* AppDelegate.swift */ = {isa = PBXFileReference; lastKnownFileType = sourcecode.swift; path = AppDelegate.swift; sourceTree = "<group>"; };
		2E2CA5F11FA14AD000586272 /* ViewController.swift */ = {isa = PBXFileReference; lastKnownFileType = sourcecode.swift; path = ViewController.swift; sourceTree = "<group>"; };
		2E2CA5F41FA14AD000586272 /* Base */ = {isa = PBXFileReference; lastKnownFileType = file.storyboard; name = Base; path = Base.lproj/Main.storyboard; sourceTree = "<group>"; };
		2E2CA5F61FA14AD000586272 /* Assets.xcassets */ = {isa = PBXFileReference; lastKnownFileType = folder.assetcatalog; path = Assets.xcassets; sourceTree = "<group>"; };
		2E2CA5F91FA14AD000586272 /* Base */ = {isa = PBXFileReference; lastKnownFileType = file.storyboard; name = Base; path = Base.lproj/LaunchScreen.storyboard; sourceTree = "<group>"; };
		2E2CA5FB1FA14AD000586272 /* Info.plist */ = {isa = PBXFileReference; lastKnownFileType = text.plist.xml; path = Info.plist; sourceTree = "<group>"; };
		2E2CA6001FA14AD000586272 /* MIMTests.xctest */ = {isa = PBXFileReference; explicitFileType = wrapper.cfbundle; includeInIndex = 0; path = MIMTests.xctest; sourceTree = BUILT_PRODUCTS_DIR; };
		2E2CA6041FA14AD000586272 /* MIMTests.swift */ = {isa = PBXFileReference; lastKnownFileType = sourcecode.swift; path = MIMTests.swift; sourceTree = "<group>"; };
		2E2CA6061FA14AD000586272 /* Info.plist */ = {isa = PBXFileReference; lastKnownFileType = text.plist.xml; path = Info.plist; sourceTree = "<group>"; };
		2E2CA60B1FA14AD100586272 /* MIMUITests.xctest */ = {isa = PBXFileReference; explicitFileType = wrapper.cfbundle; includeInIndex = 0; path = MIMUITests.xctest; sourceTree = BUILT_PRODUCTS_DIR; };
		2E2CA60F1FA14AD100586272 /* MIMUITests.swift */ = {isa = PBXFileReference; lastKnownFileType = sourcecode.swift; path = MIMUITests.swift; sourceTree = "<group>"; };
		2E2CA6111FA14AD100586272 /* Info.plist */ = {isa = PBXFileReference; lastKnownFileType = text.plist.xml; path = Info.plist; sourceTree = "<group>"; };
/* End PBXFileReference section */

/* Begin PBXFrameworksBuildPhase section */
		2E2CA5E91FA14AD000586272 /* Frameworks */ = {
			isa = PBXFrameworksBuildPhase;
			buildActionMask = 2147483647;
			files = (
			);
			runOnlyForDeploymentPostprocessing = 0;
		};
		2E2CA5FD1FA14AD000586272 /* Frameworks */ = {
			isa = PBXFrameworksBuildPhase;
			buildActionMask = 2147483647;
			files = (
			);
			runOnlyForDeploymentPostprocessing = 0;
		};
		2E2CA6081FA14AD100586272 /* Frameworks */ = {
			isa = PBXFrameworksBuildPhase;
			buildActionMask = 2147483647;
			files = (
			);
			runOnlyForDeploymentPostprocessing = 0;
		};
/* End PBXFrameworksBuildPhase section */

/* Begin PBXGroup section */
		2E2CA5E31FA14AD000586272 = {
			isa = PBXGroup;
			children = (
				2E2CA5EE1FA14AD000586272 /* MIM */,
				2E2CA6031FA14AD000586272 /* MIMTests */,
				2E2CA60E1FA14AD100586272 /* MIMUITests */,
				2E2CA5ED1FA14AD000586272 /* Products */,
			);
			sourceTree = "<group>";
		};
		2E2CA5ED1FA14AD000586272 /* Products */ = {
			isa = PBXGroup;
			children = (
				2E2CA5EC1FA14AD000586272 /* MIM.app */,
				2E2CA6001FA14AD000586272 /* MIMTests.xctest */,
				2E2CA60B1FA14AD100586272 /* MIMUITests.xctest */,
			);
			name = Products;
			sourceTree = "<group>";
		};
		2E2CA5EE1FA14AD000586272 /* MIM */ = {
			isa = PBXGroup;
			children = (
				2E2CA5EF1FA14AD000586272 /* AppDelegate.swift */,
				2E2CA5F11FA14AD000586272 /* ViewController.swift */,
				2E2CA5F31FA14AD000586272 /* Main.storyboard */,
				2E2CA5F61FA14AD000586272 /* Assets.xcassets */,
				2E2CA5F81FA14AD000586272 /* LaunchScreen.storyboard */,
				2E2CA5FB1FA14AD000586272 /* Info.plist */,
			);
			path = MIM;
			sourceTree = "<group>";
		};
		2E2CA6031FA14AD000586272 /* MIMTests */ = {
			isa = PBXGroup;
			children = (
				2E2CA6041FA14AD000586272 /* MIMTests.swift */,
				2E2CA6061FA14AD000586272 /* Info.plist */,
			);
			path = MIMTests;
			sourceTree = "<group>";
		};
		2E2CA60E1FA14AD100586272 /* MIMUITests */ = {
			isa = PBXGroup;
			children = (
				2E2CA60F1FA14AD100586272 /* MIMUITests.swift */,
				2E2CA6111FA14AD100586272 /* Info.plist */,
			);
			path = MIMUITests;
			sourceTree = "<group>";
		};
/* End PBXGroup section */

/* Begin PBXNativeTarget section */
		2E2CA5EB1FA14AD000586272 /* MIM */ = {
			isa = PBXNativeTarget;
			buildConfigurationList = 2E2CA6141FA14AD100586272 /* Build configuration list for PBXNativeTarget "MIM" */;
			buildPhases = (
				2E2CA5E81FA14AD000586272 /* Sources */,
				2E2CA5E91FA14AD000586272 /* Frameworks */,
				2E2CA5EA1FA14AD000586272 /* Resources */,
			);
			buildRules = (
			);
			dependencies = (
			);
			name = MIM;
			productName = MIM;
			productReference = 2E2CA5EC1FA14AD000586272 /* MIM.app */;
			productType = "com.apple.product-type.application";
		};
		2E2CA5FF1FA14AD000586272 /* MIMTests */ = {
			isa = PBXNativeTarget;
			buildConfigurationList = 2E2CA6171FA14AD100586272 /* Build configuration list for PBXNativeTarget "MIMTests" */;
			buildPhases = (
				2E2CA5FC1FA14AD000586272 /* Sources */,
				2E2CA5FD1FA14AD000586272 /* Frameworks */,
				2E2CA5FE1FA14AD000586272 /* Resources */,
			);
			buildRules = (
			);
			dependencies = (
				2E2CA6021FA14AD000586272 /* PBXTargetDependency */,
			);
			name = MIMTests;
			productName = MIMTests;
			productReference = 2E2CA6001FA14AD000586272 /* MIMTests.xctest */;
			productType = "com.apple.product-type.bundle.unit-test";
		};
		2E2CA60A1FA14AD100586272 /* MIMUITests */ = {
			isa = PBXNativeTarget;
			buildConfigurationList = 2E2CA61A1FA14AD100586272 /* Build configuration list for PBXNativeTarget "MIMUITests" */;
			buildPhases = (
				2E2CA6071FA14AD100586272 /* Sources */,
				2E2CA6081FA14AD100586272 /* Frameworks */,
				2E2CA6091FA14AD100586272 /* Resources */,
			);
			buildRules = (
			);
			dependencies = (
				2E2CA60D1FA14AD100586272 /* PBXTargetDependency */,
			);
			name = MIMUITests;
			productName = MIMUITests;
			productReference = 2E2CA60B1FA14AD100586272 /* MIMUITests.xctest */;
			productType = "com.apple.product-type.bundle.ui-testing";
		};
/* End PBXNativeTarget section */

/* Begin PBXProject section */
		2E2CA5E41FA14AD000586272 /* Project object */ = {
			isa = PBXProject;
			attributes = {
				LastSwiftUpdateCheck = 0900;
				LastUpgradeCheck = 0900;
				ORGANIZATIONNAME = ideallifegenerator;
				TargetAttributes = {
					2E2CA5EB1FA14AD000586272 = {
						CreatedOnToolsVersion = 9.0.1;
						ProvisioningStyle = Automatic;
					};
					2E2CA5FF1FA14AD000586272 = {
						CreatedOnToolsVersion = 9.0.1;
						ProvisioningStyle = Automatic;
						TestTargetID = 2E2CA5EB1FA14AD000586272;
					};
					2E2CA60A1FA14AD100586272 = {
						CreatedOnToolsVersion = 9.0.1;
						ProvisioningStyle = Automatic;
						TestTargetID = 2E2CA5EB1FA14AD000586272;
					};
				};
			};
			buildConfigurationList = 2E2CA5E71FA14AD000586272 /* Build configuration list for PBXProject "MIM" */;
			compatibilityVersion = "Xcode 8.0";
			developmentRegion = en;
			hasScannedForEncodings = 0;
			knownRegions = (
				en,
				Base,
			);
			mainGroup = 2E2CA5E31FA14AD000586272;
			productRefGroup = 2E2CA5ED1FA14AD000586272 /* Products */;
			projectDirPath = "";
			projectRoot = "";
			targets = (
				2E2CA5EB1FA14AD000586272 /* MIM */,
				2E2CA5FF1FA14AD000586272 /* MIMTests */,
				2E2CA60A1FA14AD100586272 /* MIMUITests */,
			);
		};
/* End PBXProject section */

/* Begin PBXResourcesBuildPhase section */
		2E2CA5EA1FA14AD000586272 /* Resources */ = {
			isa = PBXResourcesBuildPhase;
			buildActionMask = 2147483647;
			files = (
				2E2CA5FA1FA14AD000586272 /* LaunchScreen.storyboard in Resources */,
				2E2CA5F71FA14AD000586272 /* Assets.xcassets in Resources */,
				2E2CA5F51FA14AD000586272 /* Main.storyboard in Resources */,
			);
			runOnlyForDeploymentPostprocessing = 0;
		};
		2E2CA5FE1FA14AD000586272 /* Resources */ = {
			isa = PBXResourcesBuildPhase;
			buildActionMask = 2147483647;
			files = (
			);
			runOnlyForDeploymentPostprocessing = 0;
		};
		2E2CA6091FA14AD100586272 /* Resources */ = {
			isa = PBXResourcesBuildPhase;
			buildActionMask = 2147483647;
			files = (
			);
			runOnlyForDeploymentPostprocessing = 0;
		};
/* End PBXResourcesBuildPhase section */

/* Begin PBXSourcesBuildPhase section */
		2E2CA5E81FA14AD000586272 /* Sources */ = {
			isa = PBXSourcesBuildPhase;
			buildActionMask = 2147483647;
			files = (
				2E2CA5F21FA14AD000586272 /* ViewController.swift in Sources */,
				2E2CA5F01FA14AD000586272 /* AppDelegate.swift in Sources */,
			);
			runOnlyForDeploymentPostprocessing = 0;
		};
		2E2CA5FC1FA14AD000586272 /* Sources */ = {
			isa = PBXSourcesBuildPhase;
			buildActionMask = 2147483647;
			files = (
				2E2CA6051FA14AD000586272 /* MIMTests.swift in Sources */,
			);
			runOnlyForDeploymentPostprocessing = 0;
		};
		2E2CA6071FA14AD100586272 /* Sources */ = {
			isa = PBXSourcesBuildPhase;
			buildActionMask = 2147483647;
			files = (
				2E2CA6101FA14AD100586272 /* MIMUITests.swift in Sources */,
			);
			runOnlyForDeploymentPostprocessing = 0;
		};
/* End PBXSourcesBuildPhase section */

/* Begin PBXTargetDependency section */
		2E2CA6021FA14AD000586272 /* PBXTargetDependency */ = {
			isa = PBXTargetDependency;
			target = 2E2CA5EB1FA14AD000586272 /* MIM */;
			targetProxy = 2E2CA6011FA14AD000586272 /* PBXContainerItemProxy */;
		};
		2E2CA60D1FA14AD100586272 /* PBXTargetDependency */ = {
			isa = PBXTargetDependency;
			target = 2E2CA5EB1FA14AD000586272 /* MIM */;
			targetProxy = 2E2CA60C1FA14AD100586272 /* PBXContainerItemProxy */;
		};
/* End PBXTargetDependency section */

/* Begin PBXVariantGroup section */
		2E2CA5F31FA14AD000586272 /* Main.storyboard */ = {
			isa = PBXVariantGroup;
			children = (
				2E2CA5F41FA14AD000586272 /* Base */,
			);
			name = Main.storyboard;
			sourceTree = "<group>";
		};
		2E2CA5F81FA14AD000586272 /* LaunchScreen.storyboard */ = {
			isa = PBXVariantGroup;
			children = (
				2E2CA5F91FA14AD000586272 /* Base */,
			);
			name = LaunchScreen.storyboard;
			sourceTree = "<group>";
		};
/* End PBXVariantGroup section */

/* Begin XCBuildConfiguration section */
		2E2CA6121FA14AD100586272 /* Debug */ = {
			isa = XCBuildConfiguration;
			buildSettings = {
				ALWAYS_SEARCH_USER_PATHS = NO;
				CLANG_ANALYZER_NONNULL = YES;
				CLANG_ANALYZER_NUMBER_OBJECT_CONVERSION = YES_AGGRESSIVE;
				CLANG_CXX_LANGUAGE_STANDARD = "gnu++14";
				CLANG_CXX_LIBRARY = "libc++";
				CLANG_ENABLE_MODULES = YES;
				CLANG_ENABLE_OBJC_ARC = YES;
				CLANG_WARN_BLOCK_CAPTURE_AUTORELEASING = YES;
				CLANG_WARN_BOOL_CONVERSION = YES;
				CLANG_WARN_COMMA = YES;
				CLANG_WARN_CONSTANT_CONVERSION = YES;
				CLANG_WARN_DIRECT_OBJC_ISA_USAGE = YES_ERROR;
				CLANG_WARN_DOCUMENTATION_COMMENTS = YES;
				CLANG_WARN_EMPTY_BODY = YES;
				CLANG_WARN_ENUM_CONVERSION = YES;
				CLANG_WARN_INFINITE_RECURSION = YES;
				CLANG_WARN_INT_CONVERSION = YES;
				CLANG_WARN_NON_LITERAL_NULL_CONVERSION = YES;
				CLANG_WARN_OBJC_LITERAL_CONVERSION = YES;
				CLANG_WARN_OBJC_ROOT_CLASS = YES_ERROR;
				CLANG_WARN_RANGE_LOOP_ANALYSIS = YES;
				CLANG_WARN_STRICT_PROTOTYPES = YES;
				CLANG_WARN_SUSPICIOUS_MOVE = YES;
				CLANG_WARN_UNGUARDED_AVAILABILITY = YES_AGGRESSIVE;
				CLANG_WARN_UNREACHABLE_CODE = YES;
				CLANG_WARN__DUPLICATE_METHOD_MATCH = YES;
				CODE_SIGN_IDENTITY = "iPhone Developer";
				COPY_PHASE_STRIP = NO;
				DEBUG_INFORMATION_FORMAT = dwarf;
				ENABLE_STRICT_OBJC_MSGSEND = YES;
				ENABLE_TESTABILITY = YES;
				GCC_C_LANGUAGE_STANDARD = gnu11;
				GCC_DYNAMIC_NO_PIC = NO;
				GCC_NO_COMMON_BLOCKS = YES;
				GCC_OPTIMIZATION_LEVEL = 0;
				GCC_PREPROCESSOR_DEFINITIONS = (
					"DEBUG=1",
					"$(inherited)",
				);
				GCC_WARN_64_TO_32_BIT_CONVERSION = YES;
				GCC_WARN_ABOUT_RETURN_TYPE = YES_ERROR;
				GCC_WARN_UNDECLARED_SELECTOR = YES;
				GCC_WARN_UNINITIALIZED_AUTOS = YES_AGGRESSIVE;
				GCC_WARN_UNUSED_FUNCTION = YES;
				GCC_WARN_UNUSED_VARIABLE = YES;
				IPHONEOS_DEPLOYMENT_TARGET = 11.0;
				MTL_ENABLE_DEBUG_INFO = YES;
				ONLY_ACTIVE_ARCH = YES;
				SDKROOT = iphoneos;
				SWIFT_ACTIVE_COMPILATION_CONDITIONS = DEBUG;
				SWIFT_OPTIMIZATION_LEVEL = "-Onone";
			};
			name = Debug;
		};
		2E2CA6131FA14AD100586272 /* Release */ = {
			isa = XCBuildConfiguration;
			buildSettings = {
				ALWAYS_SEARCH_USER_PATHS = NO;
				CLANG_ANALYZER_NONNULL = YES;
				CLANG_ANALYZER_NUMBER_OBJECT_CONVERSION = YES_AGGRESSIVE;
				CLANG_CXX_LANGUAGE_STANDARD = "gnu++14";
				CLANG_CXX_LIBRARY = "libc++";
				CLANG_ENABLE_MODULES = YES;
				CLANG_ENABLE_OBJC_ARC = YES;
				CLANG_WARN_BLOCK_CAPTURE_AUTORELEASING = YES;
				CLANG_WARN_BOOL_CONVERSION = YES;
				CLANG_WARN_COMMA = YES;
				CLANG_WARN_CONSTANT_CONVERSION = YES;
				CLANG_WARN_DIRECT_OBJC_ISA_USAGE = YES_ERROR;
				CLANG_WARN_DOCUMENTATION_COMMENTS = YES;
				CLANG_WARN_EMPTY_BODY = YES;
				CLANG_WARN_ENUM_CONVERSION = YES;
				CLANG_WARN_INFINITE_RECURSION = YES;
				CLANG_WARN_INT_CONVERSION = YES;
				CLANG_WARN_NON_LITERAL_NULL_CONVERSION = YES;
				CLANG_WARN_OBJC_LITERAL_CONVERSION = YES;
				CLANG_WARN_OBJC_ROOT_CLASS = YES_ERROR;
				CLANG_WARN_RANGE_LOOP_ANALYSIS = YES;
				CLANG_WARN_STRICT_PROTOTYPES = YES;
				CLANG_WARN_SUSPICIOUS_MOVE = YES;
				CLANG_WARN_UNGUARDED_AVAILABILITY = YES_AGGRESSIVE;
				CLANG_WARN_UNREACHABLE_CODE = YES;
				CLANG_WARN__DUPLICATE_METHOD_MATCH = YES;
				CODE_SIGN_IDENTITY = "iPhone Developer";
				COPY_PHASE_STRIP = NO;
				DEBUG_INFORMATION_FORMAT = "dwarf-with-dsym";
				ENABLE_NS_ASSERTIONS = NO;
				ENABLE_STRICT_OBJC_MSGSEND = YES;
				GCC_C_LANGUAGE_STANDARD = gnu11;
				GCC_NO_COMMON_BLOCKS = YES;
				GCC_WARN_64_TO_32_BIT_CONVERSION = YES;
				GCC_WARN_ABOUT_RETURN_TYPE = YES_ERROR;
				GCC_WARN_UNDECLARED_SELECTOR = YES;
				GCC_WARN_UNINITIALIZED_AUTOS = YES_AGGRESSIVE;
				GCC_WARN_UNUSED_FUNCTION = YES;
				GCC_WARN_UNUSED_VARIABLE = YES;
				IPHONEOS_DEPLOYMENT_TARGET = 11.0;
				MTL_ENABLE_DEBUG_INFO = NO;
				SDKROOT = iphoneos;
				SWIFT_OPTIMIZATION_LEVEL = "-Owholemodule";
				VALIDATE_PRODUCT = YES;
			};
			name = Release;
		};
		2E2CA6151FA14AD100586272 /* Debug */ = {
			isa = XCBuildConfiguration;
			buildSettings = {
				ASSETCATALOG_COMPILER_APPICON_NAME = AppIcon;
				CODE_SIGN_STYLE = Automatic;
				INFOPLIST_FILE = MIM/Info.plist;
				LD_RUNPATH_SEARCH_PATHS = "$(inherited) @executable_path/Frameworks";
				PRODUCT_BUNDLE_IDENTIFIER = ideallifegenerator.MIM;
				PRODUCT_NAME = "$(TARGET_NAME)";
				SWIFT_VERSION = 4.0;
				TARGETED_DEVICE_FAMILY = "1,2";
			};
			name = Debug;
		};
		2E2CA6161FA14AD100586272 /* Release */ = {
			isa = XCBuildConfiguration;
			buildSettings = {
				ASSETCATALOG_COMPILER_APPICON_NAME = AppIcon;
				CODE_SIGN_STYLE = Automatic;
				INFOPLIST_FILE = MIM/Info.plist;
				LD_RUNPATH_SEARCH_PATHS = "$(inherited) @executable_path/Frameworks";
				PRODUCT_BUNDLE_IDENTIFIER = ideallifegenerator.MIM;
				PRODUCT_NAME = "$(TARGET_NAME)";
				SWIFT_VERSION = 4.0;
				TARGETED_DEVICE_FAMILY = "1,2";
			};
			name = Release;
		};
		2E2CA6181FA14AD100586272 /* Debug */ = {
			isa = XCBuildConfiguration;
			buildSettings = {
				ALWAYS_EMBED_SWIFT_STANDARD_LIBRARIES = YES;
				BUNDLE_LOADER = "$(TEST_HOST)";
				CODE_SIGN_STYLE = Automatic;
				INFOPLIST_FILE = MIMTests/Info.plist;
				LD_RUNPATH_SEARCH_PATHS = "$(inherited) @executable_path/Frameworks @loader_path/Frameworks";
				PRODUCT_BUNDLE_IDENTIFIER = ideallifegenerator.MIMTests;
				PRODUCT_NAME = "$(TARGET_NAME)";
				SWIFT_VERSION = 4.0;
				TARGETED_DEVICE_FAMILY = "1,2";
				TEST_HOST = "$(BUILT_PRODUCTS_DIR)/MIM.app/MIM";
			};
			name = Debug;
		};
		2E2CA6191FA14AD100586272 /* Release */ = {
			isa = XCBuildConfiguration;
			buildSettings = {
				ALWAYS_EMBED_SWIFT_STANDARD_LIBRARIES = YES;
				BUNDLE_LOADER = "$(TEST_HOST)";
				CODE_SIGN_STYLE = Automatic;
				INFOPLIST_FILE = MIMTests/Info.plist;
				LD_RUNPATH_SEARCH_PATHS = "$(inherited) @executable_path/Frameworks @loader_path/Frameworks";
				PRODUCT_BUNDLE_IDENTIFIER = ideallifegenerator.MIMTests;
				PRODUCT_NAME = "$(TARGET_NAME)";
				SWIFT_VERSION = 4.0;
				TARGETED_DEVICE_FAMILY = "1,2";
				TEST_HOST = "$(BUILT_PRODUCTS_DIR)/MIM.app/MIM";
			};
			name = Release;
		};
		2E2CA61B1FA14AD100586272 /* Debug */ = {
			isa = XCBuildConfiguration;
			buildSettings = {
				ALWAYS_EMBED_SWIFT_STANDARD_LIBRARIES = YES;
				CODE_SIGN_STYLE = Automatic;
				INFOPLIST_FILE = MIMUITests/Info.plist;
				LD_RUNPATH_SEARCH_PATHS = "$(inherited) @executable_path/Frameworks @loader_path/Frameworks";
				PRODUCT_BUNDLE_IDENTIFIER = ideallifegenerator.MIMUITests;
				PRODUCT_NAME = "$(TARGET_NAME)";
				SWIFT_VERSION = 4.0;
				TARGETED_DEVICE_FAMILY = "1,2";
				TEST_TARGET_NAME = MIM;
			};
			name = Debug;
		};
		2E2CA61C1FA14AD100586272 /* Release */ = {
			isa = XCBuildConfiguration;
			buildSettings = {
				ALWAYS_EMBED_SWIFT_STANDARD_LIBRARIES = YES;
				CODE_SIGN_STYLE = Automatic;
				INFOPLIST_FILE = MIMUITests/Info.plist;
				LD_RUNPATH_SEARCH_PATHS = "$(inherited) @executable_path/Frameworks @loader_path/Frameworks";
				PRODUCT_BUNDLE_IDENTIFIER = ideallifegenerator.MIMUITests;
				PRODUCT_NAME = "$(TARGET_NAME)";
				SWIFT_VERSION = 4.0;
				TARGETED_DEVICE_FAMILY = "1,2";
				TEST_TARGET_NAME = MIM;
			};
			name = Release;
		};
/* End XCBuildConfiguration section */

/* Begin XCConfigurationList section */
		2E2CA5E71FA14AD000586272 /* Build configuration list for PBXProject "MIM" */ = {
			isa = XCConfigurationList;
			buildConfigurations = (
				2E2CA6121FA14AD100586272 /* Debug */,
				2E2CA6131FA14AD100586272 /* Release */,
			);
			defaultConfigurationIsVisible = 0;
			defaultConfigurationName = Release;
		};
		2E2CA6141FA14AD100586272 /* Build configuration list for PBXNativeTarget "MIM" */ = {
			isa = XCConfigurationList;
			buildConfigurations = (
				2E2CA6151FA14AD100586272 /* Debug */,
				2E2CA6161FA14AD100586272 /* Release */,
			);
			defaultConfigurationIsVisible = 0;
			defaultConfigurationName = Release;
		};
		2E2CA6171FA14AD100586272 /* Build configuration list for PBXNativeTarget "MIMTests" */ = {
			isa = XCConfigurationList;
			buildConfigurations = (
				2E2CA6181FA14AD100586272 /* Debug */,
				2E2CA6191FA14AD100586272 /* Release */,
			);
			defaultConfigurationIsVisible = 0;
			defaultConfigurationName = Release;
		};
		2E2CA61A1FA14AD100586272 /* Build configuration list for PBXNativeTarget "MIMUITests" */ = {
			isa = XCConfigurationList;
			buildConfigurations = (
				2E2CA61B1FA14AD100586272 /* Debug */,
				2E2CA61C1FA14AD100586272 /* Release */,
			);
			defaultConfigurationIsVisible = 0;
			defaultConfigurationName = Release;
		};
/* End XCConfigurationList section */
	};
	rootObject = 2E2CA5E41FA14AD000586272 /* Project object */;
}
